
Microsoft Visual Studio Solution File, Format Version 12.00
# Visual Studio Version 17
VisualStudioVersion = 17.14.36414.22 d17.14
MinimumVisualStudioVersion = 10.0.40219.1
Project("{FAE04EC0-301F-11D3-BF4B-00C04F79EFBC}") = "Ecommerce.API", "Ecommerce.API\Ecommerce.API.csproj", "{77F7C7D7-E9A9-4EF2-9545-875ABA533659}"
EndProject
Global
	GlobalSection(SolutionConfigurationPlatforms) = preSolution
		Debug|Any CPU = Debug|Any CPU
		Release|Any CPU = Release|Any CPU
	EndGlobalSection
	GlobalSection(ProjectConfigurationPlatforms) = postSolution
		{77F7C7D7-E9A9-4EF2-9545-875ABA533659}.Debug|Any CPU.ActiveCfg = Debug|Any CPU
		{77F7C7D7-E9A9-4EF2-9545-875ABA533659}.Debug|Any CPU.Build.0 = Debug|Any CPU
		{77F7C7D7-E9A9-4EF2-9545-875ABA533659}.Release|Any CPU.ActiveCfg = Release|Any CPU
		{77F7C7D7-E9A9-4EF2-9545-875ABA533659}.Release|Any CPU.Build.0 = Release|Any CPU
	EndGlobalSection
	GlobalSection(SolutionProperties) = preSolution
		HideSolutionNode = FALSE
	EndGlobalSection
	GlobalSection(ExtensibilityGlobals) = postSolution
		SolutionGuid = {59F79E48-C456-4C3E-86EB-70B5F38505B4}
	EndGlobalSection
EndGlobal
